{
  "object": {
    "pins": [
      {
        "package": "Alamofire",
        "repositoryURL": "https://github.com/Alamofire/Alamofire.git",
        "state": {
          "branch": "master",
          "revision": "6eeff3c57e02f07c8494433aed8bf90532010089",
          "version": null
        }
      },
      {
        "package": "SnapKit",
        "repositoryURL": "https://github.com/SnapKit/SnapKit.git",
        "state": {
          "branch": "develop",
          "revision": "eb07a3adf535ec6e87d450453471f69c053a48f1",
          "version": null
        }
      }
    ]
  },
  "version": 1
}
